
Microsoft Visual Studio Solution File, Format Version 12.00
# Visual Studio Version 17
VisualStudioVersion = 17.6.33829.357
MinimumVisualStudioVersion = 10.0.40219.1
Project("{FAE04EC0-301F-11D3-BF4B-00C04F79EFBC}") = "KosuMesafesi1-TekinOzturkk", "KosuMesafesi1-TekinOzturkk\KosuMesafesi1-TekinOzturkk.csproj", "{C8BEB75C-3B3F-4B1E-BB47-7A3EC0349E9A}"
EndProject
Global
	GlobalSection(SolutionConfigurationPlatforms) = preSolution
		Debug|Any CPU = Debug|Any CPU
		Release|Any CPU = Release|Any CPU
	EndGlobalSection
	GlobalSection(ProjectConfigurationPlatforms) = postSolution
		{C8BEB75C-3B3F-4B1E-BB47-7A3EC0349E9A}.Debug|Any CPU.ActiveCfg = Debug|Any CPU
		{C8BEB75C-3B3F-4B1E-BB47-7A3EC0349E9A}.Debug|Any CPU.Build.0 = Debug|Any CPU
		{C8BEB75C-3B3F-4B1E-BB47-7A3EC0349E9A}.Release|Any CPU.ActiveCfg = Release|Any CPU
		{C8BEB75C-3B3F-4B1E-BB47-7A3EC0349E9A}.Release|Any CPU.Build.0 = Release|Any CPU
	EndGlobalSection
	GlobalSection(SolutionProperties) = preSolution
		HideSolutionNode = FALSE
	EndGlobalSection
	GlobalSection(ExtensibilityGlobals) = postSolution
		SolutionGuid = {1BB2990B-B2DF-4A93-A812-5B4371C7032C}
	EndGlobalSection
EndGlobal
